{
  "requires": true,
  "lockfileVersion": 1,
  "dependencies": {
    "swagger-ui-dist": {
      "version": "3.25.5",
      "resolved": "https://registry.npmjs.org/swagger-ui-dist/-/swagger-ui-dist-3.25.5.tgz",
      "integrity": "sha512-JZ6dVQS2nPgVYW0+JIIxm84vvFbR/ole6xYJG2DcSdejDLt8ARqIhbZ4InL7RVsLdXpPirUMb7hf2z4Fzqesyw=="
    },
    "swagger-ui-express": {
      "version": "4.1.4",
      "resolved": "https://registry.npmjs.org/swagger-ui-express/-/swagger-ui-express-4.1.4.tgz",
      "integrity": "sha512-Ea96ecpC+Iq9GUqkeD/LFR32xSs8gYqmTW1gXCuKg81c26WV6ZC2FsBSPVExQP6WkyUuz5HEiR0sEv/HCC343g==",
      "requires": {
        "swagger-ui-dist": "^3.18.1"
      }
    }
  }
}
